// !$*UTF8*$!
{
	archiveVersion = 1;
	classes = {
	};
	objectVersion = 56;
	objects = {

/* Begin PBXBuildFile section */
		A82B7D7F2976C90A008DF237 /* AppDelegate.swift in Sources */ = {isa = PBXBuildFile; fileRef = A82B7D7E2976C90A008DF237 /* AppDelegate.swift */; };
		A82B7D812976C90A008DF237 /* SceneDelegate.swift in Sources */ = {isa = PBXBuildFile; fileRef = A82B7D802976C90A008DF237 /* SceneDelegate.swift */; };
		A82B7D832976C90A008DF237 /* MainViewController.swift in Sources */ = {isa = PBXBuildFile; fileRef = A82B7D822976C90A008DF237 /* MainViewController.swift */; };
		A82B7D882976C90B008DF237 /* Assets.xcassets in Resources */ = {isa = PBXBuildFile; fileRef = A82B7D872976C90B008DF237 /* Assets.xcassets */; };
		A82B7D8B2976C90B008DF237 /* LaunchScreen.storyboard in Resources */ = {isa = PBXBuildFile; fileRef = A82B7D892976C90B008DF237 /* LaunchScreen.storyboard */; };
		A82B7D932976CB4C008DF237 /* citylist.json in Resources */ = {isa = PBXBuildFile; fileRef = A82B7D922976CB4C008DF237 /* citylist.json */; };
		A82B7D962976CBE1008DF237 /* Alamofire in Frameworks */ = {isa = PBXBuildFile; productRef = A82B7D952976CBE1008DF237 /* Alamofire */; };
		A82B7D992976CBF6008DF237 /* SnapKit in Frameworks */ = {isa = PBXBuildFile; productRef = A82B7D982976CBF6008DF237 /* SnapKit */; };
		A82B7D9C2976CC3C008DF237 /* RxSwift in Frameworks */ = {isa = PBXBuildFile; productRef = A82B7D9B2976CC3C008DF237 /* RxSwift */; };
		A89B82AA297928EC002EB762 /* SearchViewController.swift in Sources */ = {isa = PBXBuildFile; fileRef = A89B82A9297928EC002EB762 /* SearchViewController.swift */; };
		A89B82AC29799843002EB762 /* MainView.swift in Sources */ = {isa = PBXBuildFile; fileRef = A89B82AB29799843002EB762 /* MainView.swift */; };
		A89B82AE29799F45002EB762 /* SummaryView.swift in Sources */ = {isa = PBXBuildFile; fileRef = A89B82AD29799F45002EB762 /* SummaryView.swift */; };
/* End PBXBuildFile section */

/* Begin PBXFileReference section */
		A82B7D7B2976C90A008DF237 /* Autocrypt_assignment.app */ = {isa = PBXFileReference; explicitFileType = wrapper.application; includeInIndex = 0; path = Autocrypt_assignment.app; sourceTree = BUILT_PRODUCTS_DIR; };
		A82B7D7E2976C90A008DF237 /* AppDelegate.swift */ = {isa = PBXFileReference; lastKnownFileType = sourcecode.swift; path = AppDelegate.swift; sourceTree = "<group>"; };
		A82B7D802976C90A008DF237 /* SceneDelegate.swift */ = {isa = PBXFileReference; lastKnownFileType = sourcecode.swift; path = SceneDelegate.swift; sourceTree = "<group>"; };
		A82B7D822976C90A008DF237 /* MainViewController.swift */ = {isa = PBXFileReference; lastKnownFileType = sourcecode.swift; path = MainViewController.swift; sourceTree = "<group>"; };
		A82B7D872976C90B008DF237 /* Assets.xcassets */ = {isa = PBXFileReference; lastKnownFileType = folder.assetcatalog; path = Assets.xcassets; sourceTree = "<group>"; };
		A82B7D8A2976C90B008DF237 /* Base */ = {isa = PBXFileReference; lastKnownFileType = file.storyboard; name = Base; path = Base.lproj/LaunchScreen.storyboard; sourceTree = "<group>"; };
		A82B7D8C2976C90B008DF237 /* Info.plist */ = {isa = PBXFileReference; lastKnownFileType = text.plist.xml; path = Info.plist; sourceTree = "<group>"; };
		A82B7D922976CB4C008DF237 /* citylist.json */ = {isa = PBXFileReference; fileEncoding = 4; lastKnownFileType = text.json; name = citylist.json; path = "../../../../Downloads/사전과제 자료/citylist.json"; sourceTree = "<group>"; };
		A89B82A9297928EC002EB762 /* SearchViewController.swift */ = {isa = PBXFileReference; lastKnownFileType = sourcecode.swift; path = SearchViewController.swift; sourceTree = "<group>"; };
		A89B82AB29799843002EB762 /* MainView.swift */ = {isa = PBXFileReference; lastKnownFileType = sourcecode.swift; path = MainView.swift; sourceTree = "<group>"; };
		A89B82AD29799F45002EB762 /* SummaryView.swift */ = {isa = PBXFileReference; lastKnownFileType = sourcecode.swift; path = SummaryView.swift; sourceTree = "<group>"; };
/* End PBXFileReference section */

/* Begin PBXFrameworksBuildPhase section */
		A82B7D782976C90A008DF237 /* Frameworks */ = {
			isa = PBXFrameworksBuildPhase;
			buildActionMask = 2147483647;
			files = (
				A82B7D9C2976CC3C008DF237 /* RxSwift in Frameworks */,
				A82B7D962976CBE1008DF237 /* Alamofire in Frameworks */,
				A82B7D992976CBF6008DF237 /* SnapKit in Frameworks */,
			);
			runOnlyForDeploymentPostprocessing = 0;
		};
/* End PBXFrameworksBuildPhase section */

/* Begin PBXGroup section */
		A82B7D722976C90A008DF237 = {
			isa = PBXGroup;
			children = (
				A82B7D7D2976C90A008DF237 /* Autocrypt_assignment */,
				A82B7D7C2976C90A008DF237 /* Products */,
			);
			sourceTree = "<group>";
		};
		A82B7D7C2976C90A008DF237 /* Products */ = {
			isa = PBXGroup;
			children = (
				A82B7D7B2976C90A008DF237 /* Autocrypt_assignment.app */,
			);
			name = Products;
			sourceTree = "<group>";
		};
		A82B7D7D2976C90A008DF237 /* Autocrypt_assignment */ = {
			isa = PBXGroup;
			children = (
				A82B7D7E2976C90A008DF237 /* AppDelegate.swift */,
				A82B7D802976C90A008DF237 /* SceneDelegate.swift */,
				A82B7D822976C90A008DF237 /* MainViewController.swift */,
				A89B82AB29799843002EB762 /* MainView.swift */,
				A89B82AD29799F45002EB762 /* SummaryView.swift */,
				A89B82A9297928EC002EB762 /* SearchViewController.swift */,
				A82B7D922976CB4C008DF237 /* citylist.json */,
				A82B7D872976C90B008DF237 /* Assets.xcassets */,
				A82B7D892976C90B008DF237 /* LaunchScreen.storyboard */,
				A82B7D8C2976C90B008DF237 /* Info.plist */,
			);
			path = Autocrypt_assignment;
			sourceTree = "<group>";
		};
/* End PBXGroup section */

/* Begin PBXNativeTarget section */
		A82B7D7A2976C90A008DF237 /* Autocrypt_assignment */ = {
			isa = PBXNativeTarget;
			buildConfigurationList = A82B7D8F2976C90B008DF237 /* Build configuration list for PBXNativeTarget "Autocrypt_assignment" */;
			buildPhases = (
				A82B7D772976C90A008DF237 /* Sources */,
				A82B7D782976C90A008DF237 /* Frameworks */,
				A82B7D792976C90A008DF237 /* Resources */,
			);
			buildRules = (
			);
			dependencies = (
			);
			name = Autocrypt_assignment;
			packageProductDependencies = (
				A82B7D952976CBE1008DF237 /* Alamofire */,
				A82B7D982976CBF6008DF237 /* SnapKit */,
				A82B7D9B2976CC3C008DF237 /* RxSwift */,
			);
			productName = Autocrypt_assignment;
			productReference = A82B7D7B2976C90A008DF237 /* Autocrypt_assignment.app */;
			productType = "com.apple.product-type.application";
		};
/* End PBXNativeTarget section */

/* Begin PBXProject section */
		A82B7D732976C90A008DF237 /* Project object */ = {
			isa = PBXProject;
			attributes = {
				BuildIndependentTargetsInParallel = 1;
				LastSwiftUpdateCheck = 1420;
				LastUpgradeCheck = 1420;
				TargetAttributes = {
					A82B7D7A2976C90A008DF237 = {
						CreatedOnToolsVersion = 14.2;
					};
				};
			};
			buildConfigurationList = A82B7D762976C90A008DF237 /* Build configuration list for PBXProject "Autocrypt_assignment" */;
			compatibilityVersion = "Xcode 14.0";
			developmentRegion = en;
			hasScannedForEncodings = 0;
			knownRegions = (
				en,
				Base,
			);
			mainGroup = A82B7D722976C90A008DF237;
			packageReferences = (
				A82B7D942976CBE1008DF237 /* XCRemoteSwiftPackageReference "Alamofire" */,
				A82B7D972976CBF6008DF237 /* XCRemoteSwiftPackageReference "SnapKit" */,
				A82B7D9A2976CC3C008DF237 /* XCRemoteSwiftPackageReference "RxSwift" */,
			);
			productRefGroup = A82B7D7C2976C90A008DF237 /* Products */;
			projectDirPath = "";
			projectRoot = "";
			targets = (
				A82B7D7A2976C90A008DF237 /* Autocrypt_assignment */,
			);
		};
/* End PBXProject section */

/* Begin PBXResourcesBuildPhase section */
		A82B7D792976C90A008DF237 /* Resources */ = {
			isa = PBXResourcesBuildPhase;
			buildActionMask = 2147483647;
			files = (
				A82B7D8B2976C90B008DF237 /* LaunchScreen.storyboard in Resources */,
				A82B7D882976C90B008DF237 /* Assets.xcassets in Resources */,
				A82B7D932976CB4C008DF237 /* citylist.json in Resources */,
			);
			runOnlyForDeploymentPostprocessing = 0;
		};
/* End PBXResourcesBuildPhase section */

/* Begin PBXSourcesBuildPhase section */
		A82B7D772976C90A008DF237 /* Sources */ = {
			isa = PBXSourcesBuildPhase;
			buildActionMask = 2147483647;
			files = (
				A82B7D832976C90A008DF237 /* MainViewController.swift in Sources */,
				A82B7D7F2976C90A008DF237 /* AppDelegate.swift in Sources */,
				A89B82AA297928EC002EB762 /* SearchViewController.swift in Sources */,
				A89B82AC29799843002EB762 /* MainView.swift in Sources */,
				A82B7D812976C90A008DF237 /* SceneDelegate.swift in Sources */,
				A89B82AE29799F45002EB762 /* SummaryView.swift in Sources */,
			);
			runOnlyForDeploymentPostprocessing = 0;
		};
/* End PBXSourcesBuildPhase section */

/* Begin PBXVariantGroup section */
		A82B7D892976C90B008DF237 /* LaunchScreen.storyboard */ = {
			isa = PBXVariantGroup;
			children = (
				A82B7D8A2976C90B008DF237 /* Base */,
			);
			name = LaunchScreen.storyboard;
			sourceTree = "<group>";
		};
/* End PBXVariantGroup section */

/* Begin XCBuildConfiguration section */
		A82B7D8D2976C90B008DF237 /* Debug */ = {
			isa = XCBuildConfiguration;
			buildSettings = {
				ALWAYS_SEARCH_USER_PATHS = NO;
				CLANG_ANALYZER_NONNULL = YES;
				CLANG_ANALYZER_NUMBER_OBJECT_CONVERSION = YES_AGGRESSIVE;
				CLANG_CXX_LANGUAGE_STANDARD = "gnu++20";
				CLANG_ENABLE_MODULES = YES;
				CLANG_ENABLE_OBJC_ARC = YES;
				CLANG_ENABLE_OBJC_WEAK = YES;
				CLANG_WARN_BLOCK_CAPTURE_AUTORELEASING = YES;
				CLANG_WARN_BOOL_CONVERSION = YES;
				CLANG_WARN_COMMA = YES;
				CLANG_WARN_CONSTANT_CONVERSION = YES;
				CLANG_WARN_DEPRECATED_OBJC_IMPLEMENTATIONS = YES;
				CLANG_WARN_DIRECT_OBJC_ISA_USAGE = YES_ERROR;
				CLANG_WARN_DOCUMENTATION_COMMENTS = YES;
				CLANG_WARN_EMPTY_BODY = YES;
				CLANG_WARN_ENUM_CONVERSION = YES;
				CLANG_WARN_INFINITE_RECURSION = YES;
				CLANG_WARN_INT_CONVERSION = YES;
				CLANG_WARN_NON_LITERAL_NULL_CONVERSION = YES;
				CLANG_WARN_OBJC_IMPLICIT_RETAIN_SELF = YES;
				CLANG_WARN_OBJC_LITERAL_CONVERSION = YES;
				CLANG_WARN_OBJC_ROOT_CLASS = YES_ERROR;
				CLANG_WARN_QUOTED_INCLUDE_IN_FRAMEWORK_HEADER = YES;
				CLANG_WARN_RANGE_LOOP_ANALYSIS = YES;
				CLANG_WARN_STRICT_PROTOTYPES = YES;
				CLANG_WARN_SUSPICIOUS_MOVE = YES;
				CLANG_WARN_UNGUARDED_AVAILABILITY = YES_AGGRESSIVE;
				CLANG_WARN_UNREACHABLE_CODE = YES;
				CLANG_WARN__DUPLICATE_METHOD_MATCH = YES;
				COPY_PHASE_STRIP = NO;
				DEBUG_INFORMATION_FORMAT = dwarf;
				ENABLE_STRICT_OBJC_MSGSEND = YES;
				ENABLE_TESTABILITY = YES;
				GCC_C_LANGUAGE_STANDARD = gnu11;
				GCC_DYNAMIC_NO_PIC = NO;
				GCC_NO_COMMON_BLOCKS = YES;
				GCC_OPTIMIZATION_LEVEL = 0;
				GCC_PREPROCESSOR_DEFINITIONS = (
					"DEBUG=1",
					"$(inherited)",
				);
				GCC_WARN_64_TO_32_BIT_CONVERSION = YES;
				GCC_WARN_ABOUT_RETURN_TYPE = YES_ERROR;
				GCC_WARN_UNDECLARED_SELECTOR = YES;
				GCC_WARN_UNINITIALIZED_AUTOS = YES_AGGRESSIVE;
				GCC_WARN_UNUSED_FUNCTION = YES;
				GCC_WARN_UNUSED_VARIABLE = YES;
				IPHONEOS_DEPLOYMENT_TARGET = 16.2;
				MTL_ENABLE_DEBUG_INFO = INCLUDE_SOURCE;
				MTL_FAST_MATH = YES;
				ONLY_ACTIVE_ARCH = YES;
				SDKROOT = iphoneos;
				SWIFT_ACTIVE_COMPILATION_CONDITIONS = DEBUG;
				SWIFT_OPTIMIZATION_LEVEL = "-Onone";
			};
			name = Debug;
		};
		A82B7D8E2976C90B008DF237 /* Release */ = {
			isa = XCBuildConfiguration;
			buildSettings = {
				ALWAYS_SEARCH_USER_PATHS = NO;
				CLANG_ANALYZER_NONNULL = YES;
				CLANG_ANALYZER_NUMBER_OBJECT_CONVERSION = YES_AGGRESSIVE;
				CLANG_CXX_LANGUAGE_STANDARD = "gnu++20";
				CLANG_ENABLE_MODULES = YES;
				CLANG_ENABLE_OBJC_ARC = YES;
				CLANG_ENABLE_OBJC_WEAK = YES;
				CLANG_WARN_BLOCK_CAPTURE_AUTORELEASING = YES;
				CLANG_WARN_BOOL_CONVERSION = YES;
				CLANG_WARN_COMMA = YES;
				CLANG_WARN_CONSTANT_CONVERSION = YES;
				CLANG_WARN_DEPRECATED_OBJC_IMPLEMENTATIONS = YES;
				CLANG_WARN_DIRECT_OBJC_ISA_USAGE = YES_ERROR;
				CLANG_WARN_DOCUMENTATION_COMMENTS = YES;
				CLANG_WARN_EMPTY_BODY = YES;
				CLANG_WARN_ENUM_CONVERSION = YES;
				CLANG_WARN_INFINITE_RECURSION = YES;
				CLANG_WARN_INT_CONVERSION = YES;
				CLANG_WARN_NON_LITERAL_NULL_CONVERSION = YES;
				CLANG_WARN_OBJC_IMPLICIT_RETAIN_SELF = YES;
				CLANG_WARN_OBJC_LITERAL_CONVERSION = YES;
				CLANG_WARN_OBJC_ROOT_CLASS = YES_ERROR;
				CLANG_WARN_QUOTED_INCLUDE_IN_FRAMEWORK_HEADER = YES;
				CLANG_WARN_RANGE_LOOP_ANALYSIS = YES;
				CLANG_WARN_STRICT_PROTOTYPES = YES;
				CLANG_WARN_SUSPICIOUS_MOVE = YES;
				CLANG_WARN_UNGUARDED_AVAILABILITY = YES_AGGRESSIVE;
				CLANG_WARN_UNREACHABLE_CODE = YES;
				CLANG_WARN__DUPLICATE_METHOD_MATCH = YES;
				COPY_PHASE_STRIP = NO;
				DEBUG_INFORMATION_FORMAT = "dwarf-with-dsym";
				ENABLE_NS_ASSERTIONS = NO;
				ENABLE_STRICT_OBJC_MSGSEND = YES;
				GCC_C_LANGUAGE_STANDARD = gnu11;
				GCC_NO_COMMON_BLOCKS = YES;
				GCC_WARN_64_TO_32_BIT_CONVERSION = YES;
				GCC_WARN_ABOUT_RETURN_TYPE = YES_ERROR;
				GCC_WARN_UNDECLARED_SELECTOR = YES;
				GCC_WARN_UNINITIALIZED_AUTOS = YES_AGGRESSIVE;
				GCC_WARN_UNUSED_FUNCTION = YES;
				GCC_WARN_UNUSED_VARIABLE = YES;
				IPHONEOS_DEPLOYMENT_TARGET = 16.2;
				MTL_ENABLE_DEBUG_INFO = NO;
				MTL_FAST_MATH = YES;
				SDKROOT = iphoneos;
				SWIFT_COMPILATION_MODE = wholemodule;
				SWIFT_OPTIMIZATION_LEVEL = "-O";
				VALIDATE_PRODUCT = YES;
			};
			name = Release;
		};
		A82B7D902976C90B008DF237 /* Debug */ = {
			isa = XCBuildConfiguration;
			buildSettings = {
				ASSETCATALOG_COMPILER_APPICON_NAME = AppIcon;
				ASSETCATALOG_COMPILER_GLOBAL_ACCENT_COLOR_NAME = AccentColor;
				CODE_SIGN_STYLE = Automatic;
				CURRENT_PROJECT_VERSION = 1;
				DEVELOPMENT_TEAM = 4L7K3ZV8H2;
				GENERATE_INFOPLIST_FILE = YES;
				INFOPLIST_FILE = Autocrypt_assignment/Info.plist;
				INFOPLIST_KEY_UIApplicationSupportsIndirectInputEvents = YES;
				INFOPLIST_KEY_UILaunchStoryboardName = LaunchScreen.storyboard;
				INFOPLIST_KEY_UISupportedInterfaceOrientations_iPad = "UIInterfaceOrientationPortrait UIInterfaceOrientationPortraitUpsideDown UIInterfaceOrientationLandscapeLeft UIInterfaceOrientationLandscapeRight";
				INFOPLIST_KEY_UISupportedInterfaceOrientations_iPhone = "UIInterfaceOrientationPortrait UIInterfaceOrientationLandscapeLeft UIInterfaceOrientationLandscapeRight";
				IPHONEOS_DEPLOYMENT_TARGET = 15.0;
				LD_RUNPATH_SEARCH_PATHS = (
					"$(inherited)",
					"@executable_path/Frameworks",
				);
				MARKETING_VERSION = 1.0;
				PRODUCT_BUNDLE_IDENTIFIER = "autocrypt.Autocrypt-assignment";
				PRODUCT_NAME = "$(TARGET_NAME)";
				SWIFT_EMIT_LOC_STRINGS = YES;
				SWIFT_VERSION = 5.0;
				TARGETED_DEVICE_FAMILY = "1,2";
			};
			name = Debug;
		};
		A82B7D912976C90B008DF237 /* Release */ = {
			isa = XCBuildConfiguration;
			buildSettings = {
				ASSETCATALOG_COMPILER_APPICON_NAME = AppIcon;
				ASSETCATALOG_COMPILER_GLOBAL_ACCENT_COLOR_NAME = AccentColor;
				CODE_SIGN_STYLE = Automatic;
				CURRENT_PROJECT_VERSION = 1;
				DEVELOPMENT_TEAM = 4L7K3ZV8H2;
				GENERATE_INFOPLIST_FILE = YES;
				INFOPLIST_FILE = Autocrypt_assignment/Info.plist;
				INFOPLIST_KEY_UIApplicationSupportsIndirectInputEvents = YES;
				INFOPLIST_KEY_UILaunchStoryboardName = LaunchScreen.storyboard;
				INFOPLIST_KEY_UISupportedInterfaceOrientations_iPad = "UIInterfaceOrientationPortrait UIInterfaceOrientationPortraitUpsideDown UIInterfaceOrientationLandscapeLeft UIInterfaceOrientationLandscapeRight";
				INFOPLIST_KEY_UISupportedInterfaceOrientations_iPhone = "UIInterfaceOrientationPortrait UIInterfaceOrientationLandscapeLeft UIInterfaceOrientationLandscapeRight";
				IPHONEOS_DEPLOYMENT_TARGET = 15.0;
				LD_RUNPATH_SEARCH_PATHS = (
					"$(inherited)",
					"@executable_path/Frameworks",
				);
				MARKETING_VERSION = 1.0;
				PRODUCT_BUNDLE_IDENTIFIER = "autocrypt.Autocrypt-assignment";
				PRODUCT_NAME = "$(TARGET_NAME)";
				SWIFT_EMIT_LOC_STRINGS = YES;
				SWIFT_VERSION = 5.0;
				TARGETED_DEVICE_FAMILY = "1,2";
			};
			name = Release;
		};
/* End XCBuildConfiguration section */

/* Begin XCConfigurationList section */
		A82B7D762976C90A008DF237 /* Build configuration list for PBXProject "Autocrypt_assignment" */ = {
			isa = XCConfigurationList;
			buildConfigurations = (
				A82B7D8D2976C90B008DF237 /* Debug */,
				A82B7D8E2976C90B008DF237 /* Release */,
			);
			defaultConfigurationIsVisible = 0;
			defaultConfigurationName = Release;
		};
		A82B7D8F2976C90B008DF237 /* Build configuration list for PBXNativeTarget "Autocrypt_assignment" */ = {
			isa = XCConfigurationList;
			buildConfigurations = (
				A82B7D902976C90B008DF237 /* Debug */,
				A82B7D912976C90B008DF237 /* Release */,
			);
			defaultConfigurationIsVisible = 0;
			defaultConfigurationName = Release;
		};
/* End XCConfigurationList section */

/* Begin XCRemoteSwiftPackageReference section */
		A82B7D942976CBE1008DF237 /* XCRemoteSwiftPackageReference "Alamofire" */ = {
			isa = XCRemoteSwiftPackageReference;
			repositoryURL = "https://github.com/Alamofire/Alamofire";
			requirement = {
				kind = upToNextMajorVersion;
				minimumVersion = 5.0.0;
			};
		};
		A82B7D972976CBF6008DF237 /* XCRemoteSwiftPackageReference "SnapKit" */ = {
			isa = XCRemoteSwiftPackageReference;
			repositoryURL = "https://github.com/SnapKit/SnapKit";
			requirement = {
				kind = upToNextMajorVersion;
				minimumVersion = 5.0.0;
			};
		};
		A82B7D9A2976CC3C008DF237 /* XCRemoteSwiftPackageReference "RxSwift" */ = {
			isa = XCRemoteSwiftPackageReference;
			repositoryURL = "https://github.com/ReactiveX/RxSwift";
			requirement = {
				kind = upToNextMajorVersion;
				minimumVersion = 6.0.0;
			};
		};
/* End XCRemoteSwiftPackageReference section */

/* Begin XCSwiftPackageProductDependency section */
		A82B7D952976CBE1008DF237 /* Alamofire */ = {
			isa = XCSwiftPackageProductDependency;
			package = A82B7D942976CBE1008DF237 /* XCRemoteSwiftPackageReference "Alamofire" */;
			productName = Alamofire;
		};
		A82B7D982976CBF6008DF237 /* SnapKit */ = {
			isa = XCSwiftPackageProductDependency;
			package = A82B7D972976CBF6008DF237 /* XCRemoteSwiftPackageReference "SnapKit" */;
			productName = SnapKit;
		};
		A82B7D9B2976CC3C008DF237 /* RxSwift */ = {
			isa = XCSwiftPackageProductDependency;
			package = A82B7D9A2976CC3C008DF237 /* XCRemoteSwiftPackageReference "RxSwift" */;
			productName = RxSwift;
		};
/* End XCSwiftPackageProductDependency section */
	};
	rootObject = A82B7D732976C90A008DF237 /* Project object */;
}
